
Microsoft Visual Studio Solution File, Format Version 12.00
# Visual Studio 2013
VisualStudioVersion = 12.0.30501.0
MinimumVisualStudioVersion = 10.0.40219.1
Project("{FAE04EC0-301F-11D3-BF4B-00C04F79EFBC}") = "hitchbotAPI", "hitchbotAPI\hitchbotAPI.csproj", "{E16ED40D-5433-49CE-ACDD-B88AF1A000D8}"
EndProject
Project("{2150E333-8FDC-42A3-9474-1A3956D46DE8}") = "PublishScripts", "PublishScripts", "{E866ECAA-EEEB-48CA-B676-EC52A3E772AE}"
	ProjectSection(SolutionItems) = preProject
		PublishScripts\AzureWebAppPublishModule.psm1 = PublishScripts\AzureWebAppPublishModule.psm1
		PublishScripts\Publish-WebApplication.ps1 = PublishScripts\Publish-WebApplication.ps1
	EndProjectSection
EndProject
Project("{2150E333-8FDC-42A3-9474-1A3956D46DE8}") = "Configurations", "Configurations", "{E6C4AFB2-FDFE-47C9-87ED-A7C3E7776670}"
	ProjectSection(SolutionItems) = preProject
		PublishScripts\Configurations\hitchbotAPI-WAWS-dev.json = PublishScripts\Configurations\hitchbotAPI-WAWS-dev.json
	EndProjectSection
EndProject
Global
	GlobalSection(SolutionConfigurationPlatforms) = preSolution
		Debug|Any CPU = Debug|Any CPU
		Release|Any CPU = Release|Any CPU
	EndGlobalSection
	GlobalSection(ProjectConfigurationPlatforms) = postSolution
		{E16ED40D-5433-49CE-ACDD-B88AF1A000D8}.Debug|Any CPU.ActiveCfg = Debug|Any CPU
		{E16ED40D-5433-49CE-ACDD-B88AF1A000D8}.Debug|Any CPU.Build.0 = Debug|Any CPU
		{E16ED40D-5433-49CE-ACDD-B88AF1A000D8}.Debug|Any CPU.Deploy.0 = Debug|Any CPU
		{E16ED40D-5433-49CE-ACDD-B88AF1A000D8}.Release|Any CPU.ActiveCfg = Release|Any CPU
		{E16ED40D-5433-49CE-ACDD-B88AF1A000D8}.Release|Any CPU.Build.0 = Release|Any CPU
	EndGlobalSection
	GlobalSection(SolutionProperties) = preSolution
		HideSolutionNode = FALSE
	EndGlobalSection
	GlobalSection(NestedProjects) = preSolution
		{E6C4AFB2-FDFE-47C9-87ED-A7C3E7776670} = {E866ECAA-EEEB-48CA-B676-EC52A3E772AE}
	EndGlobalSection
EndGlobal
